{
  "version": 4,
  "terraform_version": "1.3.3",
  "serial": 3,
  "lineage": "019c0ea2-3da6-d7f1-9c74-5ecf115dfe74",
  "outputs": {
    "LB-Max_Bandwith_in_mgps": {
      "value": 100,
      "type": "number"
    },
    "LB-Min_Bandwith_in_mgps": {
      "value": 100,
      "type": "number"
    },
    "Load-Balancer-IPs": {
      "value": [],
      "type": [
        "tuple",
        []
      ]
    },
    "display_name": {
      "value": [
        "1-Click-LandoAIML Server 1",
        "1-Click-LandoAIML Server 2"
      ],
      "type": [
        "tuple",
        [
          "string",
          "string"
        ]
      ]
    },
    "private_ip_address": {
      "value": [
        "10.0.0.34",
        "10.0.0.77"
      ],
      "type": [
        "tuple",
        [
          "string",
          "string"
        ]
      ]
    },
    "public_ip_address": {
      "value": [
        "150.136.2.51",
        "129.153.161.170"
      ],
      "type": [
        "tuple",
        [
          "string",
          "string"
        ]
      ]
    },
    "testing_required": {
      "value": false,
      "type": "bool"
    },
    "weapp_installed": {
      "value": false,
      "type": "bool"
    }
  },
  "resources": [
    {
      "mode": "managed",
      "type": "oci_core_instance",
      "name": "this",
      "provider": "provider[\"registry.terraform.io/hashicorp/oci\"]",
      "instances": [
        {
          "index_key": 0,
          "schema_version": 0,
          "attributes": {
            "agent_config": [
              {
                "are_all_plugins_disabled": false,
                "is_management_disabled": false,
                "is_monitoring_disabled": false,
                "plugins_config": []
              }
            ],
            "async": null,
            "availability_config": [
              {
                "is_live_migration_preferred": false,
                "recovery_action": "RESTORE_INSTANCE"
              }
            ],
            "availability_domain": "GqIF:US-ASHBURN-AD-1",
            "boot_volume_id": "ocid1.bootvolume.oc1.iad.abuwcljts4xffnxklapzknalzq23bprxlkox36cu7wzj4kvu3vri2d4d7wda",
            "capacity_reservation_id": null,
            "compartment_id": "ocid1.compartment.oc1..aaaaaaaabliehdjgxojzrpisiode2ujuird3zgn5edvaitsn6x4aolvntsia",
            "create_vnic_details": [
              {
                "assign_private_dns_record": true,
                "assign_public_ip": "true",
                "defined_tags": {
                  "Oracle-Tags.CreatedBy": "oracleidentitycloudservice/mahamat.guiagoussou@oracle.com",
                  "Oracle-Tags.CreatedOn": "2022-12-08T01:08:09.732Z"
                },
                "display_name": "1-Click-LandoAIML Server 1",
                "freeform_tags": {},
                "hostname_label": "1-click-landoaiml-server-1",
                "nsg_ids": null,
                "private_ip": "10.0.0.34",
                "skip_source_dest_check": false,
                "subnet_id": "ocid1.subnet.oc1.iad.aaaaaaaa3xkqo475apqw2gb5gsxrrjopof3x2lka3nqhia7al2yxsv4lb7aa",
                "vlan_id": ""
              }
            ],
            "dedicated_vm_host_id": null,
            "defined_tags": {
              "Oracle-Tags.CreatedBy": "oracleidentitycloudservice/mahamat.guiagoussou@oracle.com",
              "Oracle-Tags.CreatedOn": "2022-12-08T01:08:09.520Z"
            },
            "display_name": "1-Click-LandoAIML Server 1",
            "extended_metadata": null,
            "fault_domain": "FAULT-DOMAIN-3",
            "freeform_tags": {},
            "hostname_label": "1-click-landoaiml-server-1",
            "id": "ocid1.instance.oc1.iad.anuwcljtwe6j4fqcqtylpoalxrcx64jybdoz4zbygtv5xr7d6ane7yh74jda",
            "image": "ocid1.image.oc1.iad.aaaaaaaak6w63p4ddsxlh2hgqh2vycoivsdevwy2utwsqjxwcvsj4vfstlqa",
            "instance_options": [
              {
                "are_legacy_imds_endpoints_disabled": false
              }
            ],
            "ipxe_script": null,
            "is_pv_encryption_in_transit_enabled": true,
            "launch_mode": "PARAVIRTUALIZED",
            "launch_options": [
              {
                "boot_volume_type": "PARAVIRTUALIZED",
                "firmware": "UEFI_64",
                "is_consistent_volume_naming_enabled": true,
                "is_pv_encryption_in_transit_enabled": true,
                "network_type": "PARAVIRTUALIZED",
                "remote_data_volume_type": "PARAVIRTUALIZED"
              }
            ],
            "metadata": {
              "ssh_authorized_keys": "ssh-rsa AAAAB3NzaC1yc2EAAAADAQABAAABAQDxhuZDoN9YsfnJTesKEzcJUOsrX8ONDPEq8Jr3QQ1xKXOCMFBzTWw0+RoitQxZ48Rk/04rhZIveGTrQR9Z8j5CidFuyBunvMUTxkgX4MCdNTcaC9yliGKnvvcCFlnQrwawslLVAoo5Rr6OQ4VGCZDbO02oX8YwyHevKkgN22rlcf7HEimm9gIsbE+WOtUnXbavtTClIcQRGyRC6wGiVzPFGywAC0UTs5k480kKG1BGhNED9dsSJPE8DHg7bxQUeZFOg92foRRylO8XAtEjBtM/yGFmDImkmUjs+TVnzcXgsOP4BRA2+EdXHZTHOKei/bPG4NoTeX4MqpoT7qCeVbN5 mail2maham@572cd40cb779\n"
            },
            "platform_config": [],
            "preemptible_instance_config": [],
            "preserve_boot_volume": null,
            "private_ip": "10.0.0.34",
            "public_ip": "150.136.2.51",
            "region": "iad",
            "shape": "VM.GPU2.1",
            "shape_config": [
              {
                "baseline_ocpu_utilization": "BASELINE_1_1",
                "gpu_description": "NVIDIA® Tesla® P100",
                "gpus": 1,
                "local_disk_description": "",
                "local_disks": 0,
                "local_disks_total_size_in_gbs": 0,
                "max_vnic_attachments": 12,
                "memory_in_gbs": 72,
                "networking_bandwidth_in_gbps": 8,
                "nvmes": 0,
                "ocpus": 12,
                "processor_description": "2.0 GHz Intel® Xeon® Platinum 8167M (Skylake)"
              }
            ],
            "source_details": [
              {
                "boot_volume_size_in_gbs": "47",
                "boot_volume_vpus_per_gb": "10",
                "kms_key_id": "",
                "source_id": "ocid1.image.oc1.iad.aaaaaaaak6w63p4ddsxlh2hgqh2vycoivsdevwy2utwsqjxwcvsj4vfstlqa",
                "source_type": "image"
              }
            ],
            "state": "RUNNING",
            "subnet_id": "ocid1.subnet.oc1.iad.aaaaaaaa3xkqo475apqw2gb5gsxrrjopof3x2lka3nqhia7al2yxsv4lb7aa",
            "system_tags": {},
            "time_created": "2022-12-08 01:08:10.168 +0000 UTC",
            "time_maintenance_reboot_due": "",
            "timeouts": null
          },
          "sensitive_attributes": [],
          "private": "eyJlMmJmYjczMC1lY2FhLTExZTYtOGY4OC0zNDM2M2JjN2M0YzAiOnsiY3JlYXRlIjoyNzAwMDAwMDAwMDAwLCJkZWxldGUiOjQ1MDAwMDAwMDAwMDAsInVwZGF0ZSI6MjcwMDAwMDAwMDAwMH19"
        },
        {
          "index_key": 1,
          "schema_version": 0,
          "attributes": {
            "agent_config": [
              {
                "are_all_plugins_disabled": false,
                "is_management_disabled": false,
                "is_monitoring_disabled": false,
                "plugins_config": []
              }
            ],
            "async": null,
            "availability_config": [
              {
                "is_live_migration_preferred": false,
                "recovery_action": "RESTORE_INSTANCE"
              }
            ],
            "availability_domain": "GqIF:US-ASHBURN-AD-1",
            "boot_volume_id": "ocid1.bootvolume.oc1.iad.abuwcljtxufah4bqr4nnmy5xomtv7ger3mvhmipx3fdmvi6dyrbfx5zl7vdq",
            "capacity_reservation_id": null,
            "compartment_id": "ocid1.compartment.oc1..aaaaaaaabliehdjgxojzrpisiode2ujuird3zgn5edvaitsn6x4aolvntsia",
            "create_vnic_details": [
              {
                "assign_private_dns_record": true,
                "assign_public_ip": "true",
                "defined_tags": {
                  "Oracle-Tags.CreatedBy": "oracleidentitycloudservice/mahamat.guiagoussou@oracle.com",
                  "Oracle-Tags.CreatedOn": "2022-12-08T01:08:09.914Z"
                },
                "display_name": "1-Click-LandoAIML Server 2",
                "freeform_tags": {},
                "hostname_label": "1-click-landoaiml-server-2",
                "nsg_ids": null,
                "private_ip": "10.0.0.77",
                "skip_source_dest_check": false,
                "subnet_id": "ocid1.subnet.oc1.iad.aaaaaaaa3xkqo475apqw2gb5gsxrrjopof3x2lka3nqhia7al2yxsv4lb7aa",
                "vlan_id": ""
              }
            ],
            "dedicated_vm_host_id": null,
            "defined_tags": {
              "Oracle-Tags.CreatedBy": "oracleidentitycloudservice/mahamat.guiagoussou@oracle.com",
              "Oracle-Tags.CreatedOn": "2022-12-08T01:08:09.716Z"
            },
            "display_name": "1-Click-LandoAIML Server 2",
            "extended_metadata": null,
            "fault_domain": "FAULT-DOMAIN-3",
            "freeform_tags": {},
            "hostname_label": "1-click-landoaiml-server-2",
            "id": "ocid1.instance.oc1.iad.anuwcljtwe6j4fqcxm23oewzookxpwjxyrijit4ytc7cihsdvk7kfeln4kwq",
            "image": "ocid1.image.oc1.iad.aaaaaaaak6w63p4ddsxlh2hgqh2vycoivsdevwy2utwsqjxwcvsj4vfstlqa",
            "instance_options": [
              {
                "are_legacy_imds_endpoints_disabled": false
              }
            ],
            "ipxe_script": null,
            "is_pv_encryption_in_transit_enabled": true,
            "launch_mode": "PARAVIRTUALIZED",
            "launch_options": [
              {
                "boot_volume_type": "PARAVIRTUALIZED",
                "firmware": "UEFI_64",
                "is_consistent_volume_naming_enabled": true,
                "is_pv_encryption_in_transit_enabled": true,
                "network_type": "PARAVIRTUALIZED",
                "remote_data_volume_type": "PARAVIRTUALIZED"
              }
            ],
            "metadata": {
              "ssh_authorized_keys": "ssh-rsa AAAAB3NzaC1yc2EAAAADAQABAAABAQDxhuZDoN9YsfnJTesKEzcJUOsrX8ONDPEq8Jr3QQ1xKXOCMFBzTWw0+RoitQxZ48Rk/04rhZIveGTrQR9Z8j5CidFuyBunvMUTxkgX4MCdNTcaC9yliGKnvvcCFlnQrwawslLVAoo5Rr6OQ4VGCZDbO02oX8YwyHevKkgN22rlcf7HEimm9gIsbE+WOtUnXbavtTClIcQRGyRC6wGiVzPFGywAC0UTs5k480kKG1BGhNED9dsSJPE8DHg7bxQUeZFOg92foRRylO8XAtEjBtM/yGFmDImkmUjs+TVnzcXgsOP4BRA2+EdXHZTHOKei/bPG4NoTeX4MqpoT7qCeVbN5 mail2maham@572cd40cb779\n"
            },
            "platform_config": [],
            "preemptible_instance_config": [],
            "preserve_boot_volume": null,
            "private_ip": "10.0.0.77",
            "public_ip": "129.153.161.170",
            "region": "iad",
            "shape": "VM.GPU2.1",
            "shape_config": [
              {
                "baseline_ocpu_utilization": "BASELINE_1_1",
                "gpu_description": "NVIDIA® Tesla® P100",
                "gpus": 1,
                "local_disk_description": "",
                "local_disks": 0,
                "local_disks_total_size_in_gbs": 0,
                "max_vnic_attachments": 12,
                "memory_in_gbs": 72,
                "networking_bandwidth_in_gbps": 8,
                "nvmes": 0,
                "ocpus": 12,
                "processor_description": "2.0 GHz Intel® Xeon® Platinum 8167M (Skylake)"
              }
            ],
            "source_details": [
              {
                "boot_volume_size_in_gbs": "47",
                "boot_volume_vpus_per_gb": "10",
                "kms_key_id": "",
                "source_id": "ocid1.image.oc1.iad.aaaaaaaak6w63p4ddsxlh2hgqh2vycoivsdevwy2utwsqjxwcvsj4vfstlqa",
                "source_type": "image"
              }
            ],
            "state": "RUNNING",
            "subnet_id": "ocid1.subnet.oc1.iad.aaaaaaaa3xkqo475apqw2gb5gsxrrjopof3x2lka3nqhia7al2yxsv4lb7aa",
            "system_tags": {},
            "time_created": "2022-12-08 01:08:10.957 +0000 UTC",
            "time_maintenance_reboot_due": "",
            "timeouts": null
          },
          "sensitive_attributes": [],
          "private": "eyJlMmJmYjczMC1lY2FhLTExZTYtOGY4OC0zNDM2M2JjN2M0YzAiOnsiY3JlYXRlIjoyNzAwMDAwMDAwMDAwLCJkZWxldGUiOjQ1MDAwMDAwMDAwMDAsInVwZGF0ZSI6MjcwMDAwMDAwMDAwMH19"
        }
      ]
    }
  ],
  "check_results": []
}
